
Microsoft Visual Studio Solution File, Format Version 12.00
# Visual Studio 15
VisualStudioVersion = 15.0.28307.168
MinimumVisualStudioVersion = 10.0.40219.1
Project("{FAE04EC0-301F-11D3-BF4B-00C04F79EFBC}") = "NewWallpaper", "NewWallpaper\NewWallpaper.csproj", "{0EA3AD07-45B3-4298-BFFC-C35C54CF1FD5}"
EndProject
Global
	GlobalSection(SolutionConfigurationPlatforms) = preSolution
		Debug|Any CPU = Debug|Any CPU
		Release|Any CPU = Release|Any CPU
	EndGlobalSection
	GlobalSection(ProjectConfigurationPlatforms) = postSolution
		{0EA3AD07-45B3-4298-BFFC-C35C54CF1FD5}.Debug|Any CPU.ActiveCfg = Debug|Any CPU
		{0EA3AD07-45B3-4298-BFFC-C35C54CF1FD5}.Debug|Any CPU.Build.0 = Debug|Any CPU
		{0EA3AD07-45B3-4298-BFFC-C35C54CF1FD5}.Release|Any CPU.ActiveCfg = Release|Any CPU
		{0EA3AD07-45B3-4298-BFFC-C35C54CF1FD5}.Release|Any CPU.Build.0 = Release|Any CPU
	EndGlobalSection
	GlobalSection(SolutionProperties) = preSolution
		HideSolutionNode = FALSE
	EndGlobalSection
	GlobalSection(ExtensibilityGlobals) = postSolution
		SolutionGuid = {D5C23DE5-DD3C-4892-81A6-B749B81937BE}
	EndGlobalSection
EndGlobal
